
Microsoft Visual Studio Solution File, Format Version 12.00
Project("{FAE04EC0-301F-11D3-BF4B-00C04F79EFBC}") = "Elevator.Server", "Elevator.Server\Elevator.Server.csproj", "{393AD429-CE80-4FB3-BFD5-B170ACF27BE1}"
EndProject
Global
	GlobalSection(SolutionConfigurationPlatforms) = preSolution
		Debug|Any CPU = Debug|Any CPU
		Release|Any CPU = Release|Any CPU
	EndGlobalSection
	GlobalSection(ProjectConfigurationPlatforms) = postSolution
		{393AD429-CE80-4FB3-BFD5-B170ACF27BE1}.Debug|Any CPU.ActiveCfg = Debug|Any CPU
		{393AD429-CE80-4FB3-BFD5-B170ACF27BE1}.Debug|Any CPU.Build.0 = Debug|Any CPU
		{393AD429-CE80-4FB3-BFD5-B170ACF27BE1}.Release|Any CPU.ActiveCfg = Release|Any CPU
		{393AD429-CE80-4FB3-BFD5-B170ACF27BE1}.Release|Any CPU.Build.0 = Release|Any CPU
	EndGlobalSection
EndGlobal
